
Microsoft Visual Studio Solution File, Format Version 12.00
# Visual Studio Version 17
VisualStudioVersion = 17.8.34601.278
MinimumVisualStudioVersion = 10.0.40219.1
Project("{FAE04EC0-301F-11D3-BF4B-00C04F79EFBC}") = "MOS.Server", "MOS.Server\MOS.Server.csproj", "{AA69C5E5-E768-47AF-B889-948043A5FADB}"
EndProject
Project("{54A90642-561A-4BB1-A94E-469ADEE60C69}") = "mos.client", "mos.client\mos.client.esproj", "{180BA1EA-F595-4514-8ED5-731B55AA2386}"
EndProject
Global
	GlobalSection(SolutionConfigurationPlatforms) = preSolution
		Debug|Any CPU = Debug|Any CPU
		Release|Any CPU = Release|Any CPU
	EndGlobalSection
	GlobalSection(ProjectConfigurationPlatforms) = postSolution
		{AA69C5E5-E768-47AF-B889-948043A5FADB}.Debug|Any CPU.ActiveCfg = Debug|Any CPU
		{AA69C5E5-E768-47AF-B889-948043A5FADB}.Debug|Any CPU.Build.0 = Debug|Any CPU
		{AA69C5E5-E768-47AF-B889-948043A5FADB}.Release|Any CPU.ActiveCfg = Release|Any CPU
		{AA69C5E5-E768-47AF-B889-948043A5FADB}.Release|Any CPU.Build.0 = Release|Any CPU
		{180BA1EA-F595-4514-8ED5-731B55AA2386}.Debug|Any CPU.ActiveCfg = Debug|Any CPU
		{180BA1EA-F595-4514-8ED5-731B55AA2386}.Debug|Any CPU.Build.0 = Debug|Any CPU
		{180BA1EA-F595-4514-8ED5-731B55AA2386}.Debug|Any CPU.Deploy.0 = Debug|Any CPU
		{180BA1EA-F595-4514-8ED5-731B55AA2386}.Release|Any CPU.ActiveCfg = Release|Any CPU
		{180BA1EA-F595-4514-8ED5-731B55AA2386}.Release|Any CPU.Build.0 = Release|Any CPU
		{180BA1EA-F595-4514-8ED5-731B55AA2386}.Release|Any CPU.Deploy.0 = Release|Any CPU
	EndGlobalSection
	GlobalSection(SolutionProperties) = preSolution
		HideSolutionNode = FALSE
	EndGlobalSection
	GlobalSection(ExtensibilityGlobals) = postSolution
		SolutionGuid = {2DF003C6-1420-437B-8F21-6139477AF1B7}
	EndGlobalSection
EndGlobal
